
Microsoft Visual Studio Solution File, Format Version 12.00
# Visual Studio Version 17
VisualStudioVersion = 17.14.37314.3 d17.14
MinimumVisualStudioVersion = 10.0.40219.1
Project("{FAE04EC0-301F-11D3-BF4B-00C04F79EFBC}") = "CodingAssingment", "CodingAssingment\CodingAssingment.csproj", "{98491E08-D802-4F47-8099-9FAE67717405}"
EndProject
Global
	GlobalSection(SolutionConfigurationPlatforms) = preSolution
		Debug|Any CPU = Debug|Any CPU
		Release|Any CPU = Release|Any CPU
	EndGlobalSection
	GlobalSection(ProjectConfigurationPlatforms) = postSolution
		{98491E08-D802-4F47-8099-9FAE67717405}.Debug|Any CPU.ActiveCfg = Debug|Any CPU
		{98491E08-D802-4F47-8099-9FAE67717405}.Debug|Any CPU.Build.0 = Debug|Any CPU
		{98491E08-D802-4F47-8099-9FAE67717405}.Release|Any CPU.ActiveCfg = Release|Any CPU
		{98491E08-D802-4F47-8099-9FAE67717405}.Release|Any CPU.Build.0 = Release|Any CPU
	EndGlobalSection
	GlobalSection(SolutionProperties) = preSolution
		HideSolutionNode = FALSE
	EndGlobalSection
	GlobalSection(ExtensibilityGlobals) = postSolution
		SolutionGuid = {014A0F8E-3989-40EF-8D8D-9555A9F08983}
	EndGlobalSection
EndGlobal
