
Microsoft Visual Studio Solution File, Format Version 12.00
# Visual Studio Version 17
VisualStudioVersion = 17.14.37314.3 d17.14
MinimumVisualStudioVersion = 10.0.40219.1
Project("{FAE04EC0-301F-11D3-BF4B-00C04F79EFBC}") = "CareBridge.PerformanceLab", "CareBridge.PerformanceLab\CareBridge.PerformanceLab.csproj", "{EA10CC7D-C691-4F0D-971B-118256B932D2}"
EndProject
Global
	GlobalSection(SolutionConfigurationPlatforms) = preSolution
		Debug|Any CPU = Debug|Any CPU
		Release|Any CPU = Release|Any CPU
	EndGlobalSection
	GlobalSection(ProjectConfigurationPlatforms) = postSolution
		{EA10CC7D-C691-4F0D-971B-118256B932D2}.Debug|Any CPU.ActiveCfg = Debug|Any CPU
		{EA10CC7D-C691-4F0D-971B-118256B932D2}.Debug|Any CPU.Build.0 = Debug|Any CPU
		{EA10CC7D-C691-4F0D-971B-118256B932D2}.Release|Any CPU.ActiveCfg = Release|Any CPU
		{EA10CC7D-C691-4F0D-971B-118256B932D2}.Release|Any CPU.Build.0 = Release|Any CPU
	EndGlobalSection
	GlobalSection(SolutionProperties) = preSolution
		HideSolutionNode = FALSE
	EndGlobalSection
	GlobalSection(ExtensibilityGlobals) = postSolution
		SolutionGuid = {3CDCA792-C393-4D62-87BC-0A2AED4A04D3}
	EndGlobalSection
EndGlobal
